// !$*UTF8*$!
{
	archiveVersion = 1;
	classes = {
	};
	objectVersion = 56;
	objects = {

/* Begin PBXBuildFile section */
		1A072AF42ACC63510096152D /* YorokobiAlbumApp.swift in Sources */ = {isa = PBXBuildFile; fileRef = 1A072AF32ACC63510096152D /* YorokobiAlbumApp.swift */; };
		1A072AF62ACC63510096152D /* ContentView.swift in Sources */ = {isa = PBXBuildFile; fileRef = 1A072AF52ACC63510096152D /* ContentView.swift */; };
		1A072AF82ACC63510096152D /* SampleItem.swift in Sources */ = {isa = PBXBuildFile; fileRef = 1A072AF72ACC63510096152D /* SampleItem.swift */; };
		1A072AFA2ACC63520096152D /* Assets.xcassets in Resources */ = {isa = PBXBuildFile; fileRef = 1A072AF92ACC63520096152D /* Assets.xcassets */; };
		1A072AFD2ACC63520096152D /* Preview Assets.xcassets in Resources */ = {isa = PBXBuildFile; fileRef = 1A072AFC2ACC63520096152D /* Preview Assets.xcassets */; };
		1A072B072ACC63520096152D /* YorokobiAlbumTests.swift in Sources */ = {isa = PBXBuildFile; fileRef = 1A072B062ACC63520096152D /* YorokobiAlbumTests.swift */; };
		1A072B112ACC63520096152D /* YorokobiAlbumUITests.swift in Sources */ = {isa = PBXBuildFile; fileRef = 1A072B102ACC63520096152D /* YorokobiAlbumUITests.swift */; };
		1A072B132ACC63520096152D /* YorokobiAlbumUITestsLaunchTests.swift in Sources */ = {isa = PBXBuildFile; fileRef = 1A072B122ACC63520096152D /* YorokobiAlbumUITestsLaunchTests.swift */; };
		1A072B232ACC69BF0096152D /* HomeView.swift in Sources */ = {isa = PBXBuildFile; fileRef = 1A072B222ACC69BF0096152D /* HomeView.swift */; };
		1A072B282ACEB2610096152D /* Item.swift in Sources */ = {isa = PBXBuildFile; fileRef = 1A072B272ACEB2610096152D /* Item.swift */; };
		1A072B2B2ACEC6E30096152D /* Date+.swift in Sources */ = {isa = PBXBuildFile; fileRef = 1A072B2A2ACEC6E30096152D /* Date+.swift */; };
		1A072B2E2ACF16AE0096152D /* RateStars.swift in Sources */ = {isa = PBXBuildFile; fileRef = 1A072B2D2ACF16AE0096152D /* RateStars.swift */; };
		1A072B322AD1745E0096152D /* AddView.swift in Sources */ = {isa = PBXBuildFile; fileRef = 1A072B312AD1745E0096152D /* AddView.swift */; };
/* End PBXBuildFile section */

/* Begin PBXContainerItemProxy section */
		1A072B032ACC63520096152D /* PBXContainerItemProxy */ = {
			isa = PBXContainerItemProxy;
			containerPortal = 1A072AE82ACC63510096152D /* Project object */;
			proxyType = 1;
			remoteGlobalIDString = 1A072AEF2ACC63510096152D;
			remoteInfo = YorokobiAlbum;
		};
		1A072B0D2ACC63520096152D /* PBXContainerItemProxy */ = {
			isa = PBXContainerItemProxy;
			containerPortal = 1A072AE82ACC63510096152D /* Project object */;
			proxyType = 1;
			remoteGlobalIDString = 1A072AEF2ACC63510096152D;
			remoteInfo = YorokobiAlbum;
		};
/* End PBXContainerItemProxy section */

/* Begin PBXFileReference section */
		1A072AF02ACC63510096152D /* YorokobiAlbum.app */ = {isa = PBXFileReference; explicitFileType = wrapper.application; includeInIndex = 0; path = YorokobiAlbum.app; sourceTree = BUILT_PRODUCTS_DIR; };
		1A072AF32ACC63510096152D /* YorokobiAlbumApp.swift */ = {isa = PBXFileReference; lastKnownFileType = sourcecode.swift; path = YorokobiAlbumApp.swift; sourceTree = "<group>"; };
		1A072AF52ACC63510096152D /* ContentView.swift */ = {isa = PBXFileReference; lastKnownFileType = sourcecode.swift; path = ContentView.swift; sourceTree = "<group>"; };
		1A072AF72ACC63510096152D /* SampleItem.swift */ = {isa = PBXFileReference; lastKnownFileType = sourcecode.swift; path = SampleItem.swift; sourceTree = "<group>"; };
		1A072AF92ACC63520096152D /* Assets.xcassets */ = {isa = PBXFileReference; lastKnownFileType = folder.assetcatalog; path = Assets.xcassets; sourceTree = "<group>"; };
		1A072AFC2ACC63520096152D /* Preview Assets.xcassets */ = {isa = PBXFileReference; lastKnownFileType = folder.assetcatalog; path = "Preview Assets.xcassets"; sourceTree = "<group>"; };
		1A072B022ACC63520096152D /* YorokobiAlbumTests.xctest */ = {isa = PBXFileReference; explicitFileType = wrapper.cfbundle; includeInIndex = 0; path = YorokobiAlbumTests.xctest; sourceTree = BUILT_PRODUCTS_DIR; };
		1A072B062ACC63520096152D /* YorokobiAlbumTests.swift */ = {isa = PBXFileReference; lastKnownFileType = sourcecode.swift; path = YorokobiAlbumTests.swift; sourceTree = "<group>"; };
		1A072B0C2ACC63520096152D /* YorokobiAlbumUITests.xctest */ = {isa = PBXFileReference; explicitFileType = wrapper.cfbundle; includeInIndex = 0; path = YorokobiAlbumUITests.xctest; sourceTree = BUILT_PRODUCTS_DIR; };
		1A072B102ACC63520096152D /* YorokobiAlbumUITests.swift */ = {isa = PBXFileReference; lastKnownFileType = sourcecode.swift; path = YorokobiAlbumUITests.swift; sourceTree = "<group>"; };
		1A072B122ACC63520096152D /* YorokobiAlbumUITestsLaunchTests.swift */ = {isa = PBXFileReference; lastKnownFileType = sourcecode.swift; path = YorokobiAlbumUITestsLaunchTests.swift; sourceTree = "<group>"; };
		1A072B222ACC69BF0096152D /* HomeView.swift */ = {isa = PBXFileReference; lastKnownFileType = sourcecode.swift; path = HomeView.swift; sourceTree = "<group>"; };
		1A072B272ACEB2610096152D /* Item.swift */ = {isa = PBXFileReference; lastKnownFileType = sourcecode.swift; path = Item.swift; sourceTree = "<group>"; };
		1A072B2A2ACEC6E30096152D /* Date+.swift */ = {isa = PBXFileReference; lastKnownFileType = sourcecode.swift; path = "Date+.swift"; sourceTree = "<group>"; };
		1A072B2D2ACF16AE0096152D /* RateStars.swift */ = {isa = PBXFileReference; lastKnownFileType = sourcecode.swift; path = RateStars.swift; sourceTree = "<group>"; };
		1A072B312AD1745E0096152D /* AddView.swift */ = {isa = PBXFileReference; lastKnownFileType = sourcecode.swift; path = AddView.swift; sourceTree = "<group>"; };
/* End PBXFileReference section */

/* Begin PBXFrameworksBuildPhase section */
		1A072AED2ACC63510096152D /* Frameworks */ = {
			isa = PBXFrameworksBuildPhase;
			buildActionMask = 2147483647;
			files = (
			);
			runOnlyForDeploymentPostprocessing = 0;
		};
		1A072AFF2ACC63520096152D /* Frameworks */ = {
			isa = PBXFrameworksBuildPhase;
			buildActionMask = 2147483647;
			files = (
			);
			runOnlyForDeploymentPostprocessing = 0;
		};
		1A072B092ACC63520096152D /* Frameworks */ = {
			isa = PBXFrameworksBuildPhase;
			buildActionMask = 2147483647;
			files = (
			);
			runOnlyForDeploymentPostprocessing = 0;
		};
/* End PBXFrameworksBuildPhase section */

/* Begin PBXGroup section */
		1A072AE72ACC63510096152D = {
			isa = PBXGroup;
			children = (
				1A072AF22ACC63510096152D /* YorokobiAlbum */,
				1A072B052ACC63520096152D /* YorokobiAlbumTests */,
				1A072B0F2ACC63520096152D /* YorokobiAlbumUITests */,
				1A072AF12ACC63510096152D /* Products */,
			);
			sourceTree = "<group>";
		};
		1A072AF12ACC63510096152D /* Products */ = {
			isa = PBXGroup;
			children = (
				1A072AF02ACC63510096152D /* YorokobiAlbum.app */,
				1A072B022ACC63520096152D /* YorokobiAlbumTests.xctest */,
				1A072B0C2ACC63520096152D /* YorokobiAlbumUITests.xctest */,
			);
			name = Products;
			sourceTree = "<group>";
		};
		1A072AF22ACC63510096152D /* YorokobiAlbum */ = {
			isa = PBXGroup;
			children = (
				1A072B242ACEB1BB0096152D /* Model */,
				1A072B252ACEB1C30096152D /* View */,
				1A072B262ACEB1C90096152D /* ViewModel */,
				1A072B292ACEC6B20096152D /* Extension */,
				1A072AF32ACC63510096152D /* YorokobiAlbumApp.swift */,
				1A072AF52ACC63510096152D /* ContentView.swift */,
				1A072AF72ACC63510096152D /* SampleItem.swift */,
				1A072AF92ACC63520096152D /* Assets.xcassets */,
				1A072AFB2ACC63520096152D /* Preview Content */,
			);
			path = YorokobiAlbum;
			sourceTree = "<group>";
		};
		1A072AFB2ACC63520096152D /* Preview Content */ = {
			isa = PBXGroup;
			children = (
				1A072AFC2ACC63520096152D /* Preview Assets.xcassets */,
			);
			path = "Preview Content";
			sourceTree = "<group>";
		};
		1A072B052ACC63520096152D /* YorokobiAlbumTests */ = {
			isa = PBXGroup;
			children = (
				1A072B062ACC63520096152D /* YorokobiAlbumTests.swift */,
			);
			path = YorokobiAlbumTests;
			sourceTree = "<group>";
		};
		1A072B0F2ACC63520096152D /* YorokobiAlbumUITests */ = {
			isa = PBXGroup;
			children = (
				1A072B102ACC63520096152D /* YorokobiAlbumUITests.swift */,
				1A072B122ACC63520096152D /* YorokobiAlbumUITestsLaunchTests.swift */,
			);
			path = YorokobiAlbumUITests;
			sourceTree = "<group>";
		};
		1A072B242ACEB1BB0096152D /* Model */ = {
			isa = PBXGroup;
			children = (
				1A072B272ACEB2610096152D /* Item.swift */,
			);
			path = Model;
			sourceTree = "<group>";
		};
		1A072B252ACEB1C30096152D /* View */ = {
			isa = PBXGroup;
			children = (
				1A072B222ACC69BF0096152D /* HomeView.swift */,
				1A072B312AD1745E0096152D /* AddView.swift */,
				1A072B2C2ACF16760096152D /* Component */,
			);
			path = View;
			sourceTree = "<group>";
		};
		1A072B262ACEB1C90096152D /* ViewModel */ = {
			isa = PBXGroup;
			children = (
			);
			path = ViewModel;
			sourceTree = "<group>";
		};
		1A072B292ACEC6B20096152D /* Extension */ = {
			isa = PBXGroup;
			children = (
				1A072B2A2ACEC6E30096152D /* Date+.swift */,
			);
			path = Extension;
			sourceTree = "<group>";
		};
		1A072B2C2ACF16760096152D /* Component */ = {
			isa = PBXGroup;
			children = (
				1A072B2D2ACF16AE0096152D /* RateStars.swift */,
			);
			path = Component;
			sourceTree = "<group>";
		};
/* End PBXGroup section */

/* Begin PBXNativeTarget section */
		1A072AEF2ACC63510096152D /* YorokobiAlbum */ = {
			isa = PBXNativeTarget;
			buildConfigurationList = 1A072B162ACC63520096152D /* Build configuration list for PBXNativeTarget "YorokobiAlbum" */;
			buildPhases = (
				1A072AEC2ACC63510096152D /* Sources */,
				1A072AED2ACC63510096152D /* Frameworks */,
				1A072AEE2ACC63510096152D /* Resources */,
			);
			buildRules = (
			);
			dependencies = (
			);
			name = YorokobiAlbum;
			productName = YorokobiAlbum;
			productReference = 1A072AF02ACC63510096152D /* YorokobiAlbum.app */;
			productType = "com.apple.product-type.application";
		};
		1A072B012ACC63520096152D /* YorokobiAlbumTests */ = {
			isa = PBXNativeTarget;
			buildConfigurationList = 1A072B192ACC63520096152D /* Build configuration list for PBXNativeTarget "YorokobiAlbumTests" */;
			buildPhases = (
				1A072AFE2ACC63520096152D /* Sources */,
				1A072AFF2ACC63520096152D /* Frameworks */,
				1A072B002ACC63520096152D /* Resources */,
			);
			buildRules = (
			);
			dependencies = (
				1A072B042ACC63520096152D /* PBXTargetDependency */,
			);
			name = YorokobiAlbumTests;
			productName = YorokobiAlbumTests;
			productReference = 1A072B022ACC63520096152D /* YorokobiAlbumTests.xctest */;
			productType = "com.apple.product-type.bundle.unit-test";
		};
		1A072B0B2ACC63520096152D /* YorokobiAlbumUITests */ = {
			isa = PBXNativeTarget;
			buildConfigurationList = 1A072B1C2ACC63520096152D /* Build configuration list for PBXNativeTarget "YorokobiAlbumUITests" */;
			buildPhases = (
				1A072B082ACC63520096152D /* Sources */,
				1A072B092ACC63520096152D /* Frameworks */,
				1A072B0A2ACC63520096152D /* Resources */,
			);
			buildRules = (
			);
			dependencies = (
				1A072B0E2ACC63520096152D /* PBXTargetDependency */,
			);
			name = YorokobiAlbumUITests;
			productName = YorokobiAlbumUITests;
			productReference = 1A072B0C2ACC63520096152D /* YorokobiAlbumUITests.xctest */;
			productType = "com.apple.product-type.bundle.ui-testing";
		};
/* End PBXNativeTarget section */

/* Begin PBXProject section */
		1A072AE82ACC63510096152D /* Project object */ = {
			isa = PBXProject;
			attributes = {
				BuildIndependentTargetsInParallel = 1;
				LastSwiftUpdateCheck = 1500;
				LastUpgradeCheck = 1500;
				TargetAttributes = {
					1A072AEF2ACC63510096152D = {
						CreatedOnToolsVersion = 15.0;
					};
					1A072B012ACC63520096152D = {
						CreatedOnToolsVersion = 15.0;
						TestTargetID = 1A072AEF2ACC63510096152D;
					};
					1A072B0B2ACC63520096152D = {
						CreatedOnToolsVersion = 15.0;
						TestTargetID = 1A072AEF2ACC63510096152D;
					};
				};
			};
			buildConfigurationList = 1A072AEB2ACC63510096152D /* Build configuration list for PBXProject "YorokobiAlbum" */;
			compatibilityVersion = "Xcode 14.0";
			developmentRegion = en;
			hasScannedForEncodings = 0;
			knownRegions = (
				en,
				Base,
			);
			mainGroup = 1A072AE72ACC63510096152D;
			productRefGroup = 1A072AF12ACC63510096152D /* Products */;
			projectDirPath = "";
			projectRoot = "";
			targets = (
				1A072AEF2ACC63510096152D /* YorokobiAlbum */,
				1A072B012ACC63520096152D /* YorokobiAlbumTests */,
				1A072B0B2ACC63520096152D /* YorokobiAlbumUITests */,
			);
		};
/* End PBXProject section */

/* Begin PBXResourcesBuildPhase section */
		1A072AEE2ACC63510096152D /* Resources */ = {
			isa = PBXResourcesBuildPhase;
			buildActionMask = 2147483647;
			files = (
				1A072AFD2ACC63520096152D /* Preview Assets.xcassets in Resources */,
				1A072AFA2ACC63520096152D /* Assets.xcassets in Resources */,
			);
			runOnlyForDeploymentPostprocessing = 0;
		};
		1A072B002ACC63520096152D /* Resources */ = {
			isa = PBXResourcesBuildPhase;
			buildActionMask = 2147483647;
			files = (
			);
			runOnlyForDeploymentPostprocessing = 0;
		};
		1A072B0A2ACC63520096152D /* Resources */ = {
			isa = PBXResourcesBuildPhase;
			buildActionMask = 2147483647;
			files = (
			);
			runOnlyForDeploymentPostprocessing = 0;
		};
/* End PBXResourcesBuildPhase section */

/* Begin PBXSourcesBuildPhase section */
		1A072AEC2ACC63510096152D /* Sources */ = {
			isa = PBXSourcesBuildPhase;
			buildActionMask = 2147483647;
			files = (
				1A072B282ACEB2610096152D /* Item.swift in Sources */,
				1A072B2E2ACF16AE0096152D /* RateStars.swift in Sources */,
				1A072AF62ACC63510096152D /* ContentView.swift in Sources */,
				1A072B232ACC69BF0096152D /* HomeView.swift in Sources */,
				1A072B322AD1745E0096152D /* AddView.swift in Sources */,
				1A072B2B2ACEC6E30096152D /* Date+.swift in Sources */,
				1A072AF82ACC63510096152D /* SampleItem.swift in Sources */,
				1A072AF42ACC63510096152D /* YorokobiAlbumApp.swift in Sources */,
			);
			runOnlyForDeploymentPostprocessing = 0;
		};
		1A072AFE2ACC63520096152D /* Sources */ = {
			isa = PBXSourcesBuildPhase;
			buildActionMask = 2147483647;
			files = (
				1A072B072ACC63520096152D /* YorokobiAlbumTests.swift in Sources */,
			);
			runOnlyForDeploymentPostprocessing = 0;
		};
		1A072B082ACC63520096152D /* Sources */ = {
			isa = PBXSourcesBuildPhase;
			buildActionMask = 2147483647;
			files = (
				1A072B132ACC63520096152D /* YorokobiAlbumUITestsLaunchTests.swift in Sources */,
				1A072B112ACC63520096152D /* YorokobiAlbumUITests.swift in Sources */,
			);
			runOnlyForDeploymentPostprocessing = 0;
		};
/* End PBXSourcesBuildPhase section */

/* Begin PBXTargetDependency section */
		1A072B042ACC63520096152D /* PBXTargetDependency */ = {
			isa = PBXTargetDependency;
			target = 1A072AEF2ACC63510096152D /* YorokobiAlbum */;
			targetProxy = 1A072B032ACC63520096152D /* PBXContainerItemProxy */;
		};
		1A072B0E2ACC63520096152D /* PBXTargetDependency */ = {
			isa = PBXTargetDependency;
			target = 1A072AEF2ACC63510096152D /* YorokobiAlbum */;
			targetProxy = 1A072B0D2ACC63520096152D /* PBXContainerItemProxy */;
		};
/* End PBXTargetDependency section */

/* Begin XCBuildConfiguration section */
		1A072B142ACC63520096152D /* Debug */ = {
			isa = XCBuildConfiguration;
			buildSettings = {
				ALWAYS_SEARCH_USER_PATHS = NO;
				ASSETCATALOG_COMPILER_GENERATE_SWIFT_ASSET_SYMBOL_EXTENSIONS = YES;
				CLANG_ANALYZER_NONNULL = YES;
				CLANG_ANALYZER_NUMBER_OBJECT_CONVERSION = YES_AGGRESSIVE;
				CLANG_CXX_LANGUAGE_STANDARD = "gnu++20";
				CLANG_ENABLE_MODULES = YES;
				CLANG_ENABLE_OBJC_ARC = YES;
				CLANG_ENABLE_OBJC_WEAK = YES;
				CLANG_WARN_BLOCK_CAPTURE_AUTORELEASING = YES;
				CLANG_WARN_BOOL_CONVERSION = YES;
				CLANG_WARN_COMMA = YES;
				CLANG_WARN_CONSTANT_CONVERSION = YES;
				CLANG_WARN_DEPRECATED_OBJC_IMPLEMENTATIONS = YES;
				CLANG_WARN_DIRECT_OBJC_ISA_USAGE = YES_ERROR;
				CLANG_WARN_DOCUMENTATION_COMMENTS = YES;
				CLANG_WARN_EMPTY_BODY = YES;
				CLANG_WARN_ENUM_CONVERSION = YES;
				CLANG_WARN_INFINITE_RECURSION = YES;
				CLANG_WARN_INT_CONVERSION = YES;
				CLANG_WARN_NON_LITERAL_NULL_CONVERSION = YES;
				CLANG_WARN_OBJC_IMPLICIT_RETAIN_SELF = YES;
				CLANG_WARN_OBJC_LITERAL_CONVERSION = YES;
				CLANG_WARN_OBJC_ROOT_CLASS = YES_ERROR;
				CLANG_WARN_QUOTED_INCLUDE_IN_FRAMEWORK_HEADER = YES;
				CLANG_WARN_RANGE_LOOP_ANALYSIS = YES;
				CLANG_WARN_STRICT_PROTOTYPES = YES;
				CLANG_WARN_SUSPICIOUS_MOVE = YES;
				CLANG_WARN_UNGUARDED_AVAILABILITY = YES_AGGRESSIVE;
				CLANG_WARN_UNREACHABLE_CODE = YES;
				CLANG_WARN__DUPLICATE_METHOD_MATCH = YES;
				COPY_PHASE_STRIP = NO;
				DEBUG_INFORMATION_FORMAT = dwarf;
				ENABLE_STRICT_OBJC_MSGSEND = YES;
				ENABLE_TESTABILITY = YES;
				ENABLE_USER_SCRIPT_SANDBOXING = YES;
				GCC_C_LANGUAGE_STANDARD = gnu17;
				GCC_DYNAMIC_NO_PIC = NO;
				GCC_NO_COMMON_BLOCKS = YES;
				GCC_OPTIMIZATION_LEVEL = 0;
				GCC_PREPROCESSOR_DEFINITIONS = (
					"DEBUG=1",
					"$(inherited)",
				);
				GCC_WARN_64_TO_32_BIT_CONVERSION = YES;
				GCC_WARN_ABOUT_RETURN_TYPE = YES_ERROR;
				GCC_WARN_UNDECLARED_SELECTOR = YES;
				GCC_WARN_UNINITIALIZED_AUTOS = YES_AGGRESSIVE;
				GCC_WARN_UNUSED_FUNCTION = YES;
				GCC_WARN_UNUSED_VARIABLE = YES;
				IPHONEOS_DEPLOYMENT_TARGET = 17.0;
				LOCALIZATION_PREFERS_STRING_CATALOGS = YES;
				MTL_ENABLE_DEBUG_INFO = INCLUDE_SOURCE;
				MTL_FAST_MATH = YES;
				ONLY_ACTIVE_ARCH = YES;
				SDKROOT = iphoneos;
				SWIFT_ACTIVE_COMPILATION_CONDITIONS = "DEBUG $(inherited)";
				SWIFT_OPTIMIZATION_LEVEL = "-Onone";
			};
			name = Debug;
		};
		1A072B152ACC63520096152D /* Release */ = {
			isa = XCBuildConfiguration;
			buildSettings = {
				ALWAYS_SEARCH_USER_PATHS = NO;
				ASSETCATALOG_COMPILER_GENERATE_SWIFT_ASSET_SYMBOL_EXTENSIONS = YES;
				CLANG_ANALYZER_NONNULL = YES;
				CLANG_ANALYZER_NUMBER_OBJECT_CONVERSION = YES_AGGRESSIVE;
				CLANG_CXX_LANGUAGE_STANDARD = "gnu++20";
				CLANG_ENABLE_MODULES = YES;
				CLANG_ENABLE_OBJC_ARC = YES;
				CLANG_ENABLE_OBJC_WEAK = YES;
				CLANG_WARN_BLOCK_CAPTURE_AUTORELEASING = YES;
				CLANG_WARN_BOOL_CONVERSION = YES;
				CLANG_WARN_COMMA = YES;
				CLANG_WARN_CONSTANT_CONVERSION = YES;
				CLANG_WARN_DEPRECATED_OBJC_IMPLEMENTATIONS = YES;
				CLANG_WARN_DIRECT_OBJC_ISA_USAGE = YES_ERROR;
				CLANG_WARN_DOCUMENTATION_COMMENTS = YES;
				CLANG_WARN_EMPTY_BODY = YES;
				CLANG_WARN_ENUM_CONVERSION = YES;
				CLANG_WARN_INFINITE_RECURSION = YES;
				CLANG_WARN_INT_CONVERSION = YES;
				CLANG_WARN_NON_LITERAL_NULL_CONVERSION = YES;
				CLANG_WARN_OBJC_IMPLICIT_RETAIN_SELF = YES;
				CLANG_WARN_OBJC_LITERAL_CONVERSION = YES;
				CLANG_WARN_OBJC_ROOT_CLASS = YES_ERROR;
				CLANG_WARN_QUOTED_INCLUDE_IN_FRAMEWORK_HEADER = YES;
				CLANG_WARN_RANGE_LOOP_ANALYSIS = YES;
				CLANG_WARN_STRICT_PROTOTYPES = YES;
				CLANG_WARN_SUSPICIOUS_MOVE = YES;
				CLANG_WARN_UNGUARDED_AVAILABILITY = YES_AGGRESSIVE;
				CLANG_WARN_UNREACHABLE_CODE = YES;
				CLANG_WARN__DUPLICATE_METHOD_MATCH = YES;
				COPY_PHASE_STRIP = NO;
				DEBUG_INFORMATION_FORMAT = "dwarf-with-dsym";
				ENABLE_NS_ASSERTIONS = NO;
				ENABLE_STRICT_OBJC_MSGSEND = YES;
				ENABLE_USER_SCRIPT_SANDBOXING = YES;
				GCC_C_LANGUAGE_STANDARD = gnu17;
				GCC_NO_COMMON_BLOCKS = YES;
				GCC_WARN_64_TO_32_BIT_CONVERSION = YES;
				GCC_WARN_ABOUT_RETURN_TYPE = YES_ERROR;
				GCC_WARN_UNDECLARED_SELECTOR = YES;
				GCC_WARN_UNINITIALIZED_AUTOS = YES_AGGRESSIVE;
				GCC_WARN_UNUSED_FUNCTION = YES;
				GCC_WARN_UNUSED_VARIABLE = YES;
				IPHONEOS_DEPLOYMENT_TARGET = 17.0;
				LOCALIZATION_PREFERS_STRING_CATALOGS = YES;
				MTL_ENABLE_DEBUG_INFO = NO;
				MTL_FAST_MATH = YES;
				SDKROOT = iphoneos;
				SWIFT_COMPILATION_MODE = wholemodule;
				VALIDATE_PRODUCT = YES;
			};
			name = Release;
		};
		1A072B172ACC63520096152D /* Debug */ = {
			isa = XCBuildConfiguration;
			buildSettings = {
				ASSETCATALOG_COMPILER_APPICON_NAME = AppIcon;
				ASSETCATALOG_COMPILER_GLOBAL_ACCENT_COLOR_NAME = AccentColor;
				CODE_SIGN_STYLE = Automatic;
				CURRENT_PROJECT_VERSION = 1;
				DEVELOPMENT_ASSET_PATHS = "\"YorokobiAlbum/Preview Content\"";
				DEVELOPMENT_TEAM = MS9QNFCC9R;
				ENABLE_PREVIEWS = YES;
				GENERATE_INFOPLIST_FILE = YES;
				INFOPLIST_KEY_UIApplicationSceneManifest_Generation = YES;
				INFOPLIST_KEY_UIApplicationSupportsIndirectInputEvents = YES;
				INFOPLIST_KEY_UILaunchScreen_Generation = YES;
				INFOPLIST_KEY_UISupportedInterfaceOrientations_iPad = "UIInterfaceOrientationPortrait UIInterfaceOrientationPortraitUpsideDown UIInterfaceOrientationLandscapeLeft UIInterfaceOrientationLandscapeRight";
				INFOPLIST_KEY_UISupportedInterfaceOrientations_iPhone = "UIInterfaceOrientationPortrait UIInterfaceOrientationLandscapeLeft UIInterfaceOrientationLandscapeRight";
				LD_RUNPATH_SEARCH_PATHS = (
					"$(inherited)",
					"@executable_path/Frameworks",
				);
				MARKETING_VERSION = 1.0;
				PRODUCT_BUNDLE_IDENTIFIER = com.yusame.YorokobiAlbum;
				PRODUCT_NAME = "$(TARGET_NAME)";
				SWIFT_EMIT_LOC_STRINGS = YES;
				SWIFT_VERSION = 5.0;
				TARGETED_DEVICE_FAMILY = "1,2";
			};
			name = Debug;
		};
		1A072B182ACC63520096152D /* Release */ = {
			isa = XCBuildConfiguration;
			buildSettings = {
				ASSETCATALOG_COMPILER_APPICON_NAME = AppIcon;
				ASSETCATALOG_COMPILER_GLOBAL_ACCENT_COLOR_NAME = AccentColor;
				CODE_SIGN_STYLE = Automatic;
				CURRENT_PROJECT_VERSION = 1;
				DEVELOPMENT_ASSET_PATHS = "\"YorokobiAlbum/Preview Content\"";
				DEVELOPMENT_TEAM = MS9QNFCC9R;
				ENABLE_PREVIEWS = YES;
				GENERATE_INFOPLIST_FILE = YES;
				INFOPLIST_KEY_UIApplicationSceneManifest_Generation = YES;
				INFOPLIST_KEY_UIApplicationSupportsIndirectInputEvents = YES;
				INFOPLIST_KEY_UILaunchScreen_Generation = YES;
				INFOPLIST_KEY_UISupportedInterfaceOrientations_iPad = "UIInterfaceOrientationPortrait UIInterfaceOrientationPortraitUpsideDown UIInterfaceOrientationLandscapeLeft UIInterfaceOrientationLandscapeRight";
				INFOPLIST_KEY_UISupportedInterfaceOrientations_iPhone = "UIInterfaceOrientationPortrait UIInterfaceOrientationLandscapeLeft UIInterfaceOrientationLandscapeRight";
				LD_RUNPATH_SEARCH_PATHS = (
					"$(inherited)",
					"@executable_path/Frameworks",
				);
				MARKETING_VERSION = 1.0;
				PRODUCT_BUNDLE_IDENTIFIER = com.yusame.YorokobiAlbum;
				PRODUCT_NAME = "$(TARGET_NAME)";
				SWIFT_EMIT_LOC_STRINGS = YES;
				SWIFT_VERSION = 5.0;
				TARGETED_DEVICE_FAMILY = "1,2";
			};
			name = Release;
		};
		1A072B1A2ACC63520096152D /* Debug */ = {
			isa = XCBuildConfiguration;
			buildSettings = {
				ALWAYS_EMBED_SWIFT_STANDARD_LIBRARIES = YES;
				BUNDLE_LOADER = "$(TEST_HOST)";
				CODE_SIGN_STYLE = Automatic;
				CURRENT_PROJECT_VERSION = 1;
				DEVELOPMENT_TEAM = MS9QNFCC9R;
				GENERATE_INFOPLIST_FILE = YES;
				IPHONEOS_DEPLOYMENT_TARGET = 17.0;
				MARKETING_VERSION = 1.0;
				PRODUCT_BUNDLE_IDENTIFIER = com.yusame.YorokobiAlbumTests;
				PRODUCT_NAME = "$(TARGET_NAME)";
				SWIFT_EMIT_LOC_STRINGS = NO;
				SWIFT_VERSION = 5.0;
				TARGETED_DEVICE_FAMILY = "1,2";
				TEST_HOST = "$(BUILT_PRODUCTS_DIR)/YorokobiAlbum.app/$(BUNDLE_EXECUTABLE_FOLDER_PATH)/YorokobiAlbum";
			};
			name = Debug;
		};
		1A072B1B2ACC63520096152D /* Release */ = {
			isa = XCBuildConfiguration;
			buildSettings = {
				ALWAYS_EMBED_SWIFT_STANDARD_LIBRARIES = YES;
				BUNDLE_LOADER = "$(TEST_HOST)";
				CODE_SIGN_STYLE = Automatic;
				CURRENT_PROJECT_VERSION = 1;
				DEVELOPMENT_TEAM = MS9QNFCC9R;
				GENERATE_INFOPLIST_FILE = YES;
				IPHONEOS_DEPLOYMENT_TARGET = 17.0;
				MARKETING_VERSION = 1.0;
				PRODUCT_BUNDLE_IDENTIFIER = com.yusame.YorokobiAlbumTests;
				PRODUCT_NAME = "$(TARGET_NAME)";
				SWIFT_EMIT_LOC_STRINGS = NO;
				SWIFT_VERSION = 5.0;
				TARGETED_DEVICE_FAMILY = "1,2";
				TEST_HOST = "$(BUILT_PRODUCTS_DIR)/YorokobiAlbum.app/$(BUNDLE_EXECUTABLE_FOLDER_PATH)/YorokobiAlbum";
			};
			name = Release;
		};
		1A072B1D2ACC63520096152D /* Debug */ = {
			isa = XCBuildConfiguration;
			buildSettings = {
				ALWAYS_EMBED_SWIFT_STANDARD_LIBRARIES = YES;
				CODE_SIGN_STYLE = Automatic;
				CURRENT_PROJECT_VERSION = 1;
				DEVELOPMENT_TEAM = MS9QNFCC9R;
				GENERATE_INFOPLIST_FILE = YES;
				MARKETING_VERSION = 1.0;
				PRODUCT_BUNDLE_IDENTIFIER = com.yusame.YorokobiAlbumUITests;
				PRODUCT_NAME = "$(TARGET_NAME)";
				SWIFT_EMIT_LOC_STRINGS = NO;
				SWIFT_VERSION = 5.0;
				TARGETED_DEVICE_FAMILY = "1,2";
				TEST_TARGET_NAME = YorokobiAlbum;
			};
			name = Debug;
		};
		1A072B1E2ACC63520096152D /* Release */ = {
			isa = XCBuildConfiguration;
			buildSettings = {
				ALWAYS_EMBED_SWIFT_STANDARD_LIBRARIES = YES;
				CODE_SIGN_STYLE = Automatic;
				CURRENT_PROJECT_VERSION = 1;
				DEVELOPMENT_TEAM = MS9QNFCC9R;
				GENERATE_INFOPLIST_FILE = YES;
				MARKETING_VERSION = 1.0;
				PRODUCT_BUNDLE_IDENTIFIER = com.yusame.YorokobiAlbumUITests;
				PRODUCT_NAME = "$(TARGET_NAME)";
				SWIFT_EMIT_LOC_STRINGS = NO;
				SWIFT_VERSION = 5.0;
				TARGETED_DEVICE_FAMILY = "1,2";
				TEST_TARGET_NAME = YorokobiAlbum;
			};
			name = Release;
		};
/* End XCBuildConfiguration section */

/* Begin XCConfigurationList section */
		1A072AEB2ACC63510096152D /* Build configuration list for PBXProject "YorokobiAlbum" */ = {
			isa = XCConfigurationList;
			buildConfigurations = (
				1A072B142ACC63520096152D /* Debug */,
				1A072B152ACC63520096152D /* Release */,
			);
			defaultConfigurationIsVisible = 0;
			defaultConfigurationName = Release;
		};
		1A072B162ACC63520096152D /* Build configuration list for PBXNativeTarget "YorokobiAlbum" */ = {
			isa = XCConfigurationList;
			buildConfigurations = (
				1A072B172ACC63520096152D /* Debug */,
				1A072B182ACC63520096152D /* Release */,
			);
			defaultConfigurationIsVisible = 0;
			defaultConfigurationName = Release;
		};
		1A072B192ACC63520096152D /* Build configuration list for PBXNativeTarget "YorokobiAlbumTests" */ = {
			isa = XCConfigurationList;
			buildConfigurations = (
				1A072B1A2ACC63520096152D /* Debug */,
				1A072B1B2ACC63520096152D /* Release */,
			);
			defaultConfigurationIsVisible = 0;
			defaultConfigurationName = Release;
		};
		1A072B1C2ACC63520096152D /* Build configuration list for PBXNativeTarget "YorokobiAlbumUITests" */ = {
			isa = XCConfigurationList;
			buildConfigurations = (
				1A072B1D2ACC63520096152D /* Debug */,
				1A072B1E2ACC63520096152D /* Release */,
			);
			defaultConfigurationIsVisible = 0;
			defaultConfigurationName = Release;
		};
/* End XCConfigurationList section */
	};
	rootObject = 1A072AE82ACC63510096152D /* Project object */;
}
